// !$*UTF8*$!
{
	archiveVersion = 1;
	classes = {
	};
	objectVersion = 50;
	objects = {

/* Begin PBXBuildFile section */
		0FEAE6B3B51EC6C7A89F8291 /* Pods_camp_quality_nurseApp_iOSTests.framework in Frameworks */ = {isa = PBXBuildFile; fileRef = 05202FDD32AC6A272F125002 /* Pods_camp_quality_nurseApp_iOSTests.framework */; };
		1461C5BDEB729235E83B7BDF /* Pods_camp_quality_nurseApp_iOS.framework in Frameworks */ = {isa = PBXBuildFile; fileRef = A5ECC36F1587737DE2EC7186 /* Pods_camp_quality_nurseApp_iOS.framework */; };
		46BDD3C221A1939E00B542BE /* GoogleService-Info.plist in Resources */ = {isa = PBXBuildFile; fileRef = 46BDD3C121A1939E00B542BE /* GoogleService-Info.plist */; };
		46BDD3C421A1C8A000B542BE /* TreatmentDetailViewController.swift in Sources */ = {isa = PBXBuildFile; fileRef = 46BDD3C321A1C8A000B542BE /* TreatmentDetailViewController.swift */; };
		46BFA7D9219FF20400F6DB3B /* AppDelegate.swift in Sources */ = {isa = PBXBuildFile; fileRef = 46BFA7D8219FF20400F6DB3B /* AppDelegate.swift */; };
		46BFA7DB219FF20400F6DB3B /* ViewController.swift in Sources */ = {isa = PBXBuildFile; fileRef = 46BFA7DA219FF20400F6DB3B /* ViewController.swift */; };
		46BFA7DE219FF20400F6DB3B /* Main.storyboard in Resources */ = {isa = PBXBuildFile; fileRef = 46BFA7DC219FF20400F6DB3B /* Main.storyboard */; };
		46BFA7E3219FF20500F6DB3B /* Assets.xcassets in Resources */ = {isa = PBXBuildFile; fileRef = 46BFA7E2219FF20500F6DB3B /* Assets.xcassets */; };
		46BFA7E6219FF20500F6DB3B /* LaunchScreen.storyboard in Resources */ = {isa = PBXBuildFile; fileRef = 46BFA7E4219FF20500F6DB3B /* LaunchScreen.storyboard */; };
		46BFA7F1219FF20500F6DB3B /* camp_quality_nurseApp_iOSTests.swift in Sources */ = {isa = PBXBuildFile; fileRef = 46BFA7F0219FF20500F6DB3B /* camp_quality_nurseApp_iOSTests.swift */; };
		46BFA7FC219FF8EE00F6DB3B /* Camper.swift in Sources */ = {isa = PBXBuildFile; fileRef = 46BFA7FB219FF8EE00F6DB3B /* Camper.swift */; };
		46BFA7FF219FFE5600F6DB3B /* CamperViewCell.swift in Sources */ = {isa = PBXBuildFile; fileRef = 46BFA7FE219FFE5600F6DB3B /* CamperViewCell.swift */; };
		46BFA801219FFEE600F6DB3B /* SearchViewController.swift in Sources */ = {isa = PBXBuildFile; fileRef = 46BFA800219FFEE600F6DB3B /* SearchViewController.swift */; };
		46BFA80421A011D600F6DB3B /* CamperDetailViewController.swift in Sources */ = {isa = PBXBuildFile; fileRef = 46BFA80321A011D600F6DB3B /* CamperDetailViewController.swift */; };
		46BFA80621A0541900F6DB3B /* Treatment.swift in Sources */ = {isa = PBXBuildFile; fileRef = 46BFA80521A0541900F6DB3B /* Treatment.swift */; };
		46BFA81021A13F1000F6DB3B /* TreatmentViewCell.swift in Sources */ = {isa = PBXBuildFile; fileRef = 46BFA80F21A13F1000F6DB3B /* TreatmentViewCell.swift */; };
/* End PBXBuildFile section */

/* Begin PBXContainerItemProxy section */
		46BFA7ED219FF20500F6DB3B /* PBXContainerItemProxy */ = {
			isa = PBXContainerItemProxy;
			containerPortal = 46BFA7CD219FF20400F6DB3B /* Project object */;
			proxyType = 1;
			remoteGlobalIDString = 46BFA7D4219FF20400F6DB3B;
			remoteInfo = "camp-quality-nurseApp-iOS";
		};
/* End PBXContainerItemProxy section */

/* Begin PBXFileReference section */
		05202FDD32AC6A272F125002 /* Pods_camp_quality_nurseApp_iOSTests.framework */ = {isa = PBXFileReference; explicitFileType = wrapper.framework; includeInIndex = 0; path = Pods_camp_quality_nurseApp_iOSTests.framework; sourceTree = BUILT_PRODUCTS_DIR; };
		2A5F618A8E895130E99DD978 /* Pods-camp-quality-nurseApp-iOSTests.release.xcconfig */ = {isa = PBXFileReference; includeInIndex = 1; lastKnownFileType = text.xcconfig; name = "Pods-camp-quality-nurseApp-iOSTests.release.xcconfig"; path = "Pods/Target Support Files/Pods-camp-quality-nurseApp-iOSTests/Pods-camp-quality-nurseApp-iOSTests.release.xcconfig"; sourceTree = "<group>"; };
		46BDD3C121A1939E00B542BE /* GoogleService-Info.plist */ = {isa = PBXFileReference; fileEncoding = 4; lastKnownFileType = text.plist.xml; path = "GoogleService-Info.plist"; sourceTree = "<group>"; };
		46BDD3C321A1C8A000B542BE /* TreatmentDetailViewController.swift */ = {isa = PBXFileReference; lastKnownFileType = sourcecode.swift; path = TreatmentDetailViewController.swift; sourceTree = "<group>"; };
		46BFA7D5219FF20400F6DB3B /* camp-quality-nurseApp-iOS.app */ = {isa = PBXFileReference; explicitFileType = wrapper.application; includeInIndex = 0; path = "camp-quality-nurseApp-iOS.app"; sourceTree = BUILT_PRODUCTS_DIR; };
		46BFA7D8219FF20400F6DB3B /* AppDelegate.swift */ = {isa = PBXFileReference; lastKnownFileType = sourcecode.swift; path = AppDelegate.swift; sourceTree = "<group>"; };
		46BFA7DA219FF20400F6DB3B /* ViewController.swift */ = {isa = PBXFileReference; lastKnownFileType = sourcecode.swift; path = ViewController.swift; sourceTree = "<group>"; };
		46BFA7DD219FF20400F6DB3B /* Base */ = {isa = PBXFileReference; lastKnownFileType = file.storyboard; name = Base; path = Base.lproj/Main.storyboard; sourceTree = "<group>"; };
		46BFA7E2219FF20500F6DB3B /* Assets.xcassets */ = {isa = PBXFileReference; lastKnownFileType = folder.assetcatalog; path = Assets.xcassets; sourceTree = "<group>"; };
		46BFA7E5219FF20500F6DB3B /* Base */ = {isa = PBXFileReference; lastKnownFileType = file.storyboard; name = Base; path = Base.lproj/LaunchScreen.storyboard; sourceTree = "<group>"; };
		46BFA7E7219FF20500F6DB3B /* Info.plist */ = {isa = PBXFileReference; lastKnownFileType = text.plist.xml; path = Info.plist; sourceTree = "<group>"; };
		46BFA7EC219FF20500F6DB3B /* camp-quality-nurseApp-iOSTests.xctest */ = {isa = PBXFileReference; explicitFileType = wrapper.cfbundle; includeInIndex = 0; path = "camp-quality-nurseApp-iOSTests.xctest"; sourceTree = BUILT_PRODUCTS_DIR; };
		46BFA7F0219FF20500F6DB3B /* camp_quality_nurseApp_iOSTests.swift */ = {isa = PBXFileReference; lastKnownFileType = sourcecode.swift; path = camp_quality_nurseApp_iOSTests.swift; sourceTree = "<group>"; };
		46BFA7F2219FF20500F6DB3B /* Info.plist */ = {isa = PBXFileReference; lastKnownFileType = text.plist.xml; path = Info.plist; sourceTree = "<group>"; };
		46BFA7FB219FF8EE00F6DB3B /* Camper.swift */ = {isa = PBXFileReference; lastKnownFileType = sourcecode.swift; path = Camper.swift; sourceTree = "<group>"; };
		46BFA7FE219FFE5600F6DB3B /* CamperViewCell.swift */ = {isa = PBXFileReference; lastKnownFileType = sourcecode.swift; path = CamperViewCell.swift; sourceTree = "<group>"; };
		46BFA800219FFEE600F6DB3B /* SearchViewController.swift */ = {isa = PBXFileReference; lastKnownFileType = sourcecode.swift; path = SearchViewController.swift; sourceTree = "<group>"; };
		46BFA80321A011D600F6DB3B /* CamperDetailViewController.swift */ = {isa = PBXFileReference; lastKnownFileType = sourcecode.swift; path = CamperDetailViewController.swift; sourceTree = "<group>"; };
		46BFA80521A0541900F6DB3B /* Treatment.swift */ = {isa = PBXFileReference; lastKnownFileType = sourcecode.swift; path = Treatment.swift; sourceTree = "<group>"; };
		46BFA80F21A13F1000F6DB3B /* TreatmentViewCell.swift */ = {isa = PBXFileReference; lastKnownFileType = sourcecode.swift; path = TreatmentViewCell.swift; sourceTree = "<group>"; };
		4F85BB177959EE8DF70CA923 /* Pods-camp-quality-nurseApp-iOSTests.debug.xcconfig */ = {isa = PBXFileReference; includeInIndex = 1; lastKnownFileType = text.xcconfig; name = "Pods-camp-quality-nurseApp-iOSTests.debug.xcconfig"; path = "Pods/Target Support Files/Pods-camp-quality-nurseApp-iOSTests/Pods-camp-quality-nurseApp-iOSTests.debug.xcconfig"; sourceTree = "<group>"; };
		8DFE297AD045AEC174C32533 /* Pods-camp-quality-nurseApp-iOS.release.xcconfig */ = {isa = PBXFileReference; includeInIndex = 1; lastKnownFileType = text.xcconfig; name = "Pods-camp-quality-nurseApp-iOS.release.xcconfig"; path = "Pods/Target Support Files/Pods-camp-quality-nurseApp-iOS/Pods-camp-quality-nurseApp-iOS.release.xcconfig"; sourceTree = "<group>"; };
		A0E42B3327261B390F929642 /* Pods-camp-quality-nurseApp-iOS.debug.xcconfig */ = {isa = PBXFileReference; includeInIndex = 1; lastKnownFileType = text.xcconfig; name = "Pods-camp-quality-nurseApp-iOS.debug.xcconfig"; path = "Pods/Target Support Files/Pods-camp-quality-nurseApp-iOS/Pods-camp-quality-nurseApp-iOS.debug.xcconfig"; sourceTree = "<group>"; };
		A5ECC36F1587737DE2EC7186 /* Pods_camp_quality_nurseApp_iOS.framework */ = {isa = PBXFileReference; explicitFileType = wrapper.framework; includeInIndex = 0; path = Pods_camp_quality_nurseApp_iOS.framework; sourceTree = BUILT_PRODUCTS_DIR; };
/* End PBXFileReference section */

/* Begin PBXFrameworksBuildPhase section */
		46BFA7D2219FF20400F6DB3B /* Frameworks */ = {
			isa = PBXFrameworksBuildPhase;
			buildActionMask = 2147483647;
			files = (
				1461C5BDEB729235E83B7BDF /* Pods_camp_quality_nurseApp_iOS.framework in Frameworks */,
			);
			runOnlyForDeploymentPostprocessing = 0;
		};
		46BFA7E9219FF20500F6DB3B /* Frameworks */ = {
			isa = PBXFrameworksBuildPhase;
			buildActionMask = 2147483647;
			files = (
				0FEAE6B3B51EC6C7A89F8291 /* Pods_camp_quality_nurseApp_iOSTests.framework in Frameworks */,
			);
			runOnlyForDeploymentPostprocessing = 0;
		};
/* End PBXFrameworksBuildPhase section */

/* Begin PBXGroup section */
		0E75A11ACB259317540C76DE /* Pods */ = {
			isa = PBXGroup;
			children = (
				A0E42B3327261B390F929642 /* Pods-camp-quality-nurseApp-iOS.debug.xcconfig */,
				8DFE297AD045AEC174C32533 /* Pods-camp-quality-nurseApp-iOS.release.xcconfig */,
				4F85BB177959EE8DF70CA923 /* Pods-camp-quality-nurseApp-iOSTests.debug.xcconfig */,
				2A5F618A8E895130E99DD978 /* Pods-camp-quality-nurseApp-iOSTests.release.xcconfig */,
			);
			name = Pods;
			sourceTree = "<group>";
		};
		46BFA7CC219FF20400F6DB3B = {
			isa = PBXGroup;
			children = (
				46BFA7D7219FF20400F6DB3B /* camp-quality-nurseApp-iOS */,
				46BFA7EF219FF20500F6DB3B /* camp-quality-nurseApp-iOSTests */,
				46BFA7D6219FF20400F6DB3B /* Products */,
				0E75A11ACB259317540C76DE /* Pods */,
				8AA59253AFB634F32904A977 /* Frameworks */,
			);
			sourceTree = "<group>";
		};
		46BFA7D6219FF20400F6DB3B /* Products */ = {
			isa = PBXGroup;
			children = (
				46BFA7D5219FF20400F6DB3B /* camp-quality-nurseApp-iOS.app */,
				46BFA7EC219FF20500F6DB3B /* camp-quality-nurseApp-iOSTests.xctest */,
			);
			name = Products;
			sourceTree = "<group>";
		};
		46BFA7D7219FF20400F6DB3B /* camp-quality-nurseApp-iOS */ = {
			isa = PBXGroup;
			children = (
				46BFA7D8219FF20400F6DB3B /* AppDelegate.swift */,
				46BFA7DA219FF20400F6DB3B /* ViewController.swift */,
				46BFA7DC219FF20400F6DB3B /* Main.storyboard */,
				46BFA7FD219FFB0F00F6DB3B /* Model */,
				46BFA802219FFF0300F6DB3B /* Views */,
				46BFA7E2219FF20500F6DB3B /* Assets.xcassets */,
				46BFA7E4219FF20500F6DB3B /* LaunchScreen.storyboard */,
				46BFA7E7219FF20500F6DB3B /* Info.plist */,
				46BDD3C121A1939E00B542BE /* GoogleService-Info.plist */,
			);
			path = "camp-quality-nurseApp-iOS";
			sourceTree = "<group>";
		};
		46BFA7EF219FF20500F6DB3B /* camp-quality-nurseApp-iOSTests */ = {
			isa = PBXGroup;
			children = (
				46BFA7F0219FF20500F6DB3B /* camp_quality_nurseApp_iOSTests.swift */,
				46BFA7F2219FF20500F6DB3B /* Info.plist */,
			);
			path = "camp-quality-nurseApp-iOSTests";
			sourceTree = "<group>";
		};
		46BFA7FD219FFB0F00F6DB3B /* Model */ = {
			isa = PBXGroup;
			children = (
				46BFA7FB219FF8EE00F6DB3B /* Camper.swift */,
				46BFA80521A0541900F6DB3B /* Treatment.swift */,
			);
			path = Model;
			sourceTree = "<group>";
		};
		46BFA802219FFF0300F6DB3B /* Views */ = {
			isa = PBXGroup;
			children = (
				46BFA800219FFEE600F6DB3B /* SearchViewController.swift */,
				46BFA7FE219FFE5600F6DB3B /* CamperViewCell.swift */,
				46BFA80321A011D600F6DB3B /* CamperDetailViewController.swift */,
				46BDD3C321A1C8A000B542BE /* TreatmentDetailViewController.swift */,
				46BFA80F21A13F1000F6DB3B /* TreatmentViewCell.swift */,
			);
			path = Views;
			sourceTree = "<group>";
		};
		8AA59253AFB634F32904A977 /* Frameworks */ = {
			isa = PBXGroup;
			children = (
				A5ECC36F1587737DE2EC7186 /* Pods_camp_quality_nurseApp_iOS.framework */,
				05202FDD32AC6A272F125002 /* Pods_camp_quality_nurseApp_iOSTests.framework */,
			);
			name = Frameworks;
			sourceTree = "<group>";
		};
/* End PBXGroup section */

/* Begin PBXNativeTarget section */
		46BFA7D4219FF20400F6DB3B /* camp-quality-nurseApp-iOS */ = {
			isa = PBXNativeTarget;
			buildConfigurationList = 46BFA7F5219FF20500F6DB3B /* Build configuration list for PBXNativeTarget "camp-quality-nurseApp-iOS" */;
			buildPhases = (
				0E96D2E2CDCB5EDE1961348F /* [CP] Check Pods Manifest.lock */,
				46BFA7D1219FF20400F6DB3B /* Sources */,
				46BFA7D2219FF20400F6DB3B /* Frameworks */,
				46BFA7D3219FF20400F6DB3B /* Resources */,
				66A9719A59DF773B05BF45DC /* [CP] Embed Pods Frameworks */,
			);
			buildRules = (
			);
			dependencies = (
			);
			name = "camp-quality-nurseApp-iOS";
			productName = "camp-quality-nurseApp-iOS";
			productReference = 46BFA7D5219FF20400F6DB3B /* camp-quality-nurseApp-iOS.app */;
			productType = "com.apple.product-type.application";
		};
		46BFA7EB219FF20500F6DB3B /* camp-quality-nurseApp-iOSTests */ = {
			isa = PBXNativeTarget;
			buildConfigurationList = 46BFA7F8219FF20500F6DB3B /* Build configuration list for PBXNativeTarget "camp-quality-nurseApp-iOSTests" */;
			buildPhases = (
				EF0E8BA20E6231893F3F6D75 /* [CP] Check Pods Manifest.lock */,
				46BFA7E8219FF20500F6DB3B /* Sources */,
				46BFA7E9219FF20500F6DB3B /* Frameworks */,
				46BFA7EA219FF20500F6DB3B /* Resources */,
			);
			buildRules = (
			);
			dependencies = (
				46BFA7EE219FF20500F6DB3B /* PBXTargetDependency */,
			);
			name = "camp-quality-nurseApp-iOSTests";
			productName = "camp-quality-nurseApp-iOSTests";
			productReference = 46BFA7EC219FF20500F6DB3B /* camp-quality-nurseApp-iOSTests.xctest */;
			productType = "com.apple.product-type.bundle.unit-test";
		};
/* End PBXNativeTarget section */

/* Begin PBXProject section */
		46BFA7CD219FF20400F6DB3B /* Project object */ = {
			isa = PBXProject;
			attributes = {
				LastSwiftUpdateCheck = 1010;
				LastUpgradeCheck = 1010;
				ORGANIZATIONNAME = wiljay;
				TargetAttributes = {
					46BFA7D4219FF20400F6DB3B = {
						CreatedOnToolsVersion = 10.1;
					};
					46BFA7EB219FF20500F6DB3B = {
						CreatedOnToolsVersion = 10.1;
						TestTargetID = 46BFA7D4219FF20400F6DB3B;
					};
				};
			};
			buildConfigurationList = 46BFA7D0219FF20400F6DB3B /* Build configuration list for PBXProject "camp-quality-nurseApp-iOS" */;
			compatibilityVersion = "Xcode 9.3";
			developmentRegion = en;
			hasScannedForEncodings = 0;
			knownRegions = (
				en,
				Base,
			);
			mainGroup = 46BFA7CC219FF20400F6DB3B;
			productRefGroup = 46BFA7D6219FF20400F6DB3B /* Products */;
			projectDirPath = "";
			projectRoot = "";
			targets = (
				46BFA7D4219FF20400F6DB3B /* camp-quality-nurseApp-iOS */,
				46BFA7EB219FF20500F6DB3B /* camp-quality-nurseApp-iOSTests */,
			);
		};
/* End PBXProject section */

/* Begin PBXResourcesBuildPhase section */
		46BFA7D3219FF20400F6DB3B /* Resources */ = {
			isa = PBXResourcesBuildPhase;
			buildActionMask = 2147483647;
			files = (
				46BFA7E6219FF20500F6DB3B /* LaunchScreen.storyboard in Resources */,
				46BDD3C221A1939E00B542BE /* GoogleService-Info.plist in Resources */,
				46BFA7E3219FF20500F6DB3B /* Assets.xcassets in Resources */,
				46BFA7DE219FF20400F6DB3B /* Main.storyboard in Resources */,
			);
			runOnlyForDeploymentPostprocessing = 0;
		};
		46BFA7EA219FF20500F6DB3B /* Resources */ = {
			isa = PBXResourcesBuildPhase;
			buildActionMask = 2147483647;
			files = (
			);
			runOnlyForDeploymentPostprocessing = 0;
		};
/* End PBXResourcesBuildPhase section */

/* Begin PBXShellScriptBuildPhase section */
		0E96D2E2CDCB5EDE1961348F /* [CP] Check Pods Manifest.lock */ = {
			isa = PBXShellScriptBuildPhase;
			buildActionMask = 2147483647;
			files = (
			);
			inputFileListPaths = (
			);
			inputPaths = (
				"${PODS_PODFILE_DIR_PATH}/Podfile.lock",
				"${PODS_ROOT}/Manifest.lock",
			);
			name = "[CP] Check Pods Manifest.lock";
			outputFileListPaths = (
			);
			outputPaths = (
				"$(DERIVED_FILE_DIR)/Pods-camp-quality-nurseApp-iOS-checkManifestLockResult.txt",
			);
			runOnlyForDeploymentPostprocessing = 0;
			shellPath = /bin/sh;
			shellScript = "diff \"${PODS_PODFILE_DIR_PATH}/Podfile.lock\" \"${PODS_ROOT}/Manifest.lock\" > /dev/null\nif [ $? != 0 ] ; then\n    # print error to STDERR\n    echo \"error: The sandbox is not in sync with the Podfile.lock. Run 'pod install' or update your CocoaPods installation.\" >&2\n    exit 1\nfi\n# This output is used by Xcode 'outputs' to avoid re-running this script phase.\necho \"SUCCESS\" > \"${SCRIPT_OUTPUT_FILE_0}\"\n";
			showEnvVarsInLog = 0;
		};
		66A9719A59DF773B05BF45DC /* [CP] Embed Pods Frameworks */ = {
			isa = PBXShellScriptBuildPhase;
			buildActionMask = 2147483647;
			files = (
			);
			inputFileListPaths = (
			);
			inputPaths = (
				"${SRCROOT}/Pods/Target Support Files/Pods-camp-quality-nurseApp-iOS/Pods-camp-quality-nurseApp-iOS-frameworks.sh",
				"${BUILT_PRODUCTS_DIR}/GoogleUtilities/GoogleUtilities.framework",
				"${BUILT_PRODUCTS_DIR}/leveldb-library/leveldb.framework",
				"${BUILT_PRODUCTS_DIR}/nanopb/nanopb.framework",
			);
			name = "[CP] Embed Pods Frameworks";
			outputFileListPaths = (
			);
			outputPaths = (
				"${TARGET_BUILD_DIR}/${FRAMEWORKS_FOLDER_PATH}/GoogleUtilities.framework",
				"${TARGET_BUILD_DIR}/${FRAMEWORKS_FOLDER_PATH}/leveldb.framework",
				"${TARGET_BUILD_DIR}/${FRAMEWORKS_FOLDER_PATH}/nanopb.framework",
			);
			runOnlyForDeploymentPostprocessing = 0;
			shellPath = /bin/sh;
			shellScript = "\"${SRCROOT}/Pods/Target Support Files/Pods-camp-quality-nurseApp-iOS/Pods-camp-quality-nurseApp-iOS-frameworks.sh\"\n";
			showEnvVarsInLog = 0;
		};
		EF0E8BA20E6231893F3F6D75 /* [CP] Check Pods Manifest.lock */ = {
			isa = PBXShellScriptBuildPhase;
			buildActionMask = 2147483647;
			files = (
			);
			inputFileListPaths = (
			);
			inputPaths = (
				"${PODS_PODFILE_DIR_PATH}/Podfile.lock",
				"${PODS_ROOT}/Manifest.lock",
			);
			name = "[CP] Check Pods Manifest.lock";
			outputFileListPaths = (
			);
			outputPaths = (
				"$(DERIVED_FILE_DIR)/Pods-camp-quality-nurseApp-iOSTests-checkManifestLockResult.txt",
			);
			runOnlyForDeploymentPostprocessing = 0;
			shellPath = /bin/sh;
			shellScript = "diff \"${PODS_PODFILE_DIR_PATH}/Podfile.lock\" \"${PODS_ROOT}/Manifest.lock\" > /dev/null\nif [ $? != 0 ] ; then\n    # print error to STDERR\n    echo \"error: The sandbox is not in sync with the Podfile.lock. Run 'pod install' or update your CocoaPods installation.\" >&2\n    exit 1\nfi\n# This output is used by Xcode 'outputs' to avoid re-running this script phase.\necho \"SUCCESS\" > \"${SCRIPT_OUTPUT_FILE_0}\"\n";
			showEnvVarsInLog = 0;
		};
/* End PBXShellScriptBuildPhase section */

/* Begin PBXSourcesBuildPhase section */
		46BFA7D1219FF20400F6DB3B /* Sources */ = {
			isa = PBXSourcesBuildPhase;
			buildActionMask = 2147483647;
			files = (
				46BFA801219FFEE600F6DB3B /* SearchViewController.swift in Sources */,
				46BFA81021A13F1000F6DB3B /* TreatmentViewCell.swift in Sources */,
				46BFA7FF219FFE5600F6DB3B /* CamperViewCell.swift in Sources */,
				46BFA80421A011D600F6DB3B /* CamperDetailViewController.swift in Sources */,
				46BFA7DB219FF20400F6DB3B /* ViewController.swift in Sources */,
				46BFA7D9219FF20400F6DB3B /* AppDelegate.swift in Sources */,
				46BFA80621A0541900F6DB3B /* Treatment.swift in Sources */,
				46BFA7FC219FF8EE00F6DB3B /* Camper.swift in Sources */,
				46BDD3C421A1C8A000B542BE /* TreatmentDetailViewController.swift in Sources */,
			);
			runOnlyForDeploymentPostprocessing = 0;
		};
		46BFA7E8219FF20500F6DB3B /* Sources */ = {
			isa = PBXSourcesBuildPhase;
			buildActionMask = 2147483647;
			files = (
				46BFA7F1219FF20500F6DB3B /* camp_quality_nurseApp_iOSTests.swift in Sources */,
			);
			runOnlyForDeploymentPostprocessing = 0;
		};
/* End PBXSourcesBuildPhase section */

/* Begin PBXTargetDependency section */
		46BFA7EE219FF20500F6DB3B /* PBXTargetDependency */ = {
			isa = PBXTargetDependency;
			target = 46BFA7D4219FF20400F6DB3B /* camp-quality-nurseApp-iOS */;
			targetProxy = 46BFA7ED219FF20500F6DB3B /* PBXContainerItemProxy */;
		};
/* End PBXTargetDependency section */

/* Begin PBXVariantGroup section */
		46BFA7DC219FF20400F6DB3B /* Main.storyboard */ = {
			isa = PBXVariantGroup;
			children = (
				46BFA7DD219FF20400F6DB3B /* Base */,
			);
			name = Main.storyboard;
			sourceTree = "<group>";
		};
		46BFA7E4219FF20500F6DB3B /* LaunchScreen.storyboard */ = {
			isa = PBXVariantGroup;
			children = (
				46BFA7E5219FF20500F6DB3B /* Base */,
			);
			name = LaunchScreen.storyboard;
			sourceTree = "<group>";
		};
/* End PBXVariantGroup section */

/* Begin XCBuildConfiguration section */
		46BFA7F3219FF20500F6DB3B /* Debug */ = {
			isa = XCBuildConfiguration;
			buildSettings = {
				ALWAYS_SEARCH_USER_PATHS = NO;
				CLANG_ANALYZER_NONNULL = YES;
				CLANG_ANALYZER_NUMBER_OBJECT_CONVERSION = YES_AGGRESSIVE;
				CLANG_CXX_LANGUAGE_STANDARD = "gnu++14";
				CLANG_CXX_LIBRARY = "libc++";
				CLANG_ENABLE_MODULES = YES;
				CLANG_ENABLE_OBJC_ARC = YES;
				CLANG_ENABLE_OBJC_WEAK = YES;
				CLANG_WARN_BLOCK_CAPTURE_AUTORELEASING = YES;
				CLANG_WARN_BOOL_CONVERSION = YES;
				CLANG_WARN_COMMA = YES;
				CLANG_WARN_CONSTANT_CONVERSION = YES;
				CLANG_WARN_DEPRECATED_OBJC_IMPLEMENTATIONS = YES;
				CLANG_WARN_DIRECT_OBJC_ISA_USAGE = YES_ERROR;
				CLANG_WARN_DOCUMENTATION_COMMENTS = YES;
				CLANG_WARN_EMPTY_BODY = YES;
				CLANG_WARN_ENUM_CONVERSION = YES;
				CLANG_WARN_INFINITE_RECURSION = YES;
				CLANG_WARN_INT_CONVERSION = YES;
				CLANG_WARN_NON_LITERAL_NULL_CONVERSION = YES;
				CLANG_WARN_OBJC_IMPLICIT_RETAIN_SELF = YES;
				CLANG_WARN_OBJC_LITERAL_CONVERSION = YES;
				CLANG_WARN_OBJC_ROOT_CLASS = YES_ERROR;
				CLANG_WARN_RANGE_LOOP_ANALYSIS = YES;
				CLANG_WARN_STRICT_PROTOTYPES = YES;
				CLANG_WARN_SUSPICIOUS_MOVE = YES;
				CLANG_WARN_UNGUARDED_AVAILABILITY = YES_AGGRESSIVE;
				CLANG_WARN_UNREACHABLE_CODE = YES;
				CLANG_WARN__DUPLICATE_METHOD_MATCH = YES;
				CODE_SIGN_IDENTITY = "iPhone Developer";
				COPY_PHASE_STRIP = NO;
				DEBUG_INFORMATION_FORMAT = dwarf;
				ENABLE_STRICT_OBJC_MSGSEND = YES;
				ENABLE_TESTABILITY = YES;
				GCC_C_LANGUAGE_STANDARD = gnu11;
				GCC_DYNAMIC_NO_PIC = NO;
				GCC_NO_COMMON_BLOCKS = YES;
				GCC_OPTIMIZATION_LEVEL = 0;
				GCC_PREPROCESSOR_DEFINITIONS = (
					"DEBUG=1",
					"$(inherited)",
				);
				GCC_WARN_64_TO_32_BIT_CONVERSION = YES;
				GCC_WARN_ABOUT_RETURN_TYPE = YES_ERROR;
				GCC_WARN_UNDECLARED_SELECTOR = YES;
				GCC_WARN_UNINITIALIZED_AUTOS = YES_AGGRESSIVE;
				GCC_WARN_UNUSED_FUNCTION = YES;
				GCC_WARN_UNUSED_VARIABLE = YES;
				IPHONEOS_DEPLOYMENT_TARGET = 12.1;
				MTL_ENABLE_DEBUG_INFO = INCLUDE_SOURCE;
				MTL_FAST_MATH = YES;
				ONLY_ACTIVE_ARCH = YES;
				SDKROOT = iphoneos;
				SWIFT_ACTIVE_COMPILATION_CONDITIONS = DEBUG;
				SWIFT_OPTIMIZATION_LEVEL = "-Onone";
			};
			name = Debug;
		};
		46BFA7F4219FF20500F6DB3B /* Release */ = {
			isa = XCBuildConfiguration;
			buildSettings = {
				ALWAYS_SEARCH_USER_PATHS = NO;
				CLANG_ANALYZER_NONNULL = YES;
				CLANG_ANALYZER_NUMBER_OBJECT_CONVERSION = YES_AGGRESSIVE;
				CLANG_CXX_LANGUAGE_STANDARD = "gnu++14";
				CLANG_CXX_LIBRARY = "libc++";
				CLANG_ENABLE_MODULES = YES;
				CLANG_ENABLE_OBJC_ARC = YES;
				CLANG_ENABLE_OBJC_WEAK = YES;
				CLANG_WARN_BLOCK_CAPTURE_AUTORELEASING = YES;
				CLANG_WARN_BOOL_CONVERSION = YES;
				CLANG_WARN_COMMA = YES;
				CLANG_WARN_CONSTANT_CONVERSION = YES;
				CLANG_WARN_DEPRECATED_OBJC_IMPLEMENTATIONS = YES;
				CLANG_WARN_DIRECT_OBJC_ISA_USAGE = YES_ERROR;
				CLANG_WARN_DOCUMENTATION_COMMENTS = YES;
				CLANG_WARN_EMPTY_BODY = YES;
				CLANG_WARN_ENUM_CONVERSION = YES;
				CLANG_WARN_INFINITE_RECURSION = YES;
				CLANG_WARN_INT_CONVERSION = YES;
				CLANG_WARN_NON_LITERAL_NULL_CONVERSION = YES;
				CLANG_WARN_OBJC_IMPLICIT_RETAIN_SELF = YES;
				CLANG_WARN_OBJC_LITERAL_CONVERSION = YES;
				CLANG_WARN_OBJC_ROOT_CLASS = YES_ERROR;
				CLANG_WARN_RANGE_LOOP_ANALYSIS = YES;
				CLANG_WARN_STRICT_PROTOTYPES = YES;
				CLANG_WARN_SUSPICIOUS_MOVE = YES;
				CLANG_WARN_UNGUARDED_AVAILABILITY = YES_AGGRESSIVE;
				CLANG_WARN_UNREACHABLE_CODE = YES;
				CLANG_WARN__DUPLICATE_METHOD_MATCH = YES;
				CODE_SIGN_IDENTITY = "iPhone Developer";
				COPY_PHASE_STRIP = NO;
				DEBUG_INFORMATION_FORMAT = "dwarf-with-dsym";
				ENABLE_NS_ASSERTIONS = NO;
				ENABLE_STRICT_OBJC_MSGSEND = YES;
				GCC_C_LANGUAGE_STANDARD = gnu11;
				GCC_NO_COMMON_BLOCKS = YES;
				GCC_WARN_64_TO_32_BIT_CONVERSION = YES;
				GCC_WARN_ABOUT_RETURN_TYPE = YES_ERROR;
				GCC_WARN_UNDECLARED_SELECTOR = YES;
				GCC_WARN_UNINITIALIZED_AUTOS = YES_AGGRESSIVE;
				GCC_WARN_UNUSED_FUNCTION = YES;
				GCC_WARN_UNUSED_VARIABLE = YES;
				IPHONEOS_DEPLOYMENT_TARGET = 12.1;
				MTL_ENABLE_DEBUG_INFO = NO;
				MTL_FAST_MATH = YES;
				SDKROOT = iphoneos;
				SWIFT_COMPILATION_MODE = wholemodule;
				SWIFT_OPTIMIZATION_LEVEL = "-O";
				VALIDATE_PRODUCT = YES;
			};
			name = Release;
		};
		46BFA7F6219FF20500F6DB3B /* Debug */ = {
			isa = XCBuildConfiguration;
			baseConfigurationReference = A0E42B3327261B390F929642 /* Pods-camp-quality-nurseApp-iOS.debug.xcconfig */;
			buildSettings = {
				ASSETCATALOG_COMPILER_APPICON_NAME = AppIcon;
				CODE_SIGN_STYLE = Automatic;
				DEVELOPMENT_TEAM = PQYWQB75M5;
				INFOPLIST_FILE = "camp-quality-nurseApp-iOS/Info.plist";
				LD_RUNPATH_SEARCH_PATHS = (
					"$(inherited)",
					"@executable_path/Frameworks",
				);
				PRODUCT_BUNDLE_IDENTIFIER = "wiljay.camp-quality-nurseApp-iOS";
				PRODUCT_NAME = "$(TARGET_NAME)";
				SWIFT_VERSION = 4.2;
				TARGETED_DEVICE_FAMILY = "1,2";
			};
			name = Debug;
		};
		46BFA7F7219FF20500F6DB3B /* Release */ = {
			isa = XCBuildConfiguration;
			baseConfigurationReference = 8DFE297AD045AEC174C32533 /* Pods-camp-quality-nurseApp-iOS.release.xcconfig */;
			buildSettings = {
				ASSETCATALOG_COMPILER_APPICON_NAME = AppIcon;
				CODE_SIGN_STYLE = Automatic;
				DEVELOPMENT_TEAM = PQYWQB75M5;
				INFOPLIST_FILE = "camp-quality-nurseApp-iOS/Info.plist";
				LD_RUNPATH_SEARCH_PATHS = (
					"$(inherited)",
					"@executable_path/Frameworks",
				);
				PRODUCT_BUNDLE_IDENTIFIER = "wiljay.camp-quality-nurseApp-iOS";
				PRODUCT_NAME = "$(TARGET_NAME)";
				SWIFT_VERSION = 4.2;
				TARGETED_DEVICE_FAMILY = "1,2";
			};
			name = Release;
		};
		46BFA7F9219FF20500F6DB3B /* Debug */ = {
			isa = XCBuildConfiguration;
			baseConfigurationReference = 4F85BB177959EE8DF70CA923 /* Pods-camp-quality-nurseApp-iOSTests.debug.xcconfig */;
			buildSettings = {
				ALWAYS_EMBED_SWIFT_STANDARD_LIBRARIES = YES;
				BUNDLE_LOADER = "$(TEST_HOST)";
				CODE_SIGN_STYLE = Automatic;
				DEVELOPMENT_TEAM = PQYWQB75M5;
				INFOPLIST_FILE = "camp-quality-nurseApp-iOSTests/Info.plist";
				LD_RUNPATH_SEARCH_PATHS = (
					"$(inherited)",
					"@executable_path/Frameworks",
					"@loader_path/Frameworks",
				);
				PRODUCT_BUNDLE_IDENTIFIER = "wiljay.camp-quality-nurseApp-iOSTests";
				PRODUCT_NAME = "$(TARGET_NAME)";
				SWIFT_VERSION = 4.2;
				TARGETED_DEVICE_FAMILY = "1,2";
				TEST_HOST = "$(BUILT_PRODUCTS_DIR)/camp-quality-nurseApp-iOS.app/camp-quality-nurseApp-iOS";
			};
			name = Debug;
		};
		46BFA7FA219FF20500F6DB3B /* Release */ = {
			isa = XCBuildConfiguration;
			baseConfigurationReference = 2A5F618A8E895130E99DD978 /* Pods-camp-quality-nurseApp-iOSTests.release.xcconfig */;
			buildSettings = {
				ALWAYS_EMBED_SWIFT_STANDARD_LIBRARIES = YES;
				BUNDLE_LOADER = "$(TEST_HOST)";
				CODE_SIGN_STYLE = Automatic;
				DEVELOPMENT_TEAM = PQYWQB75M5;
				INFOPLIST_FILE = "camp-quality-nurseApp-iOSTests/Info.plist";
				LD_RUNPATH_SEARCH_PATHS = (
					"$(inherited)",
					"@executable_path/Frameworks",
					"@loader_path/Frameworks",
				);
				PRODUCT_BUNDLE_IDENTIFIER = "wiljay.camp-quality-nurseApp-iOSTests";
				PRODUCT_NAME = "$(TARGET_NAME)";
				SWIFT_VERSION = 4.2;
				TARGETED_DEVICE_FAMILY = "1,2";
				TEST_HOST = "$(BUILT_PRODUCTS_DIR)/camp-quality-nurseApp-iOS.app/camp-quality-nurseApp-iOS";
			};
			name = Release;
		};
/* End XCBuildConfiguration section */

/* Begin XCConfigurationList section */
		46BFA7D0219FF20400F6DB3B /* Build configuration list for PBXProject "camp-quality-nurseApp-iOS" */ = {
			isa = XCConfigurationList;
			buildConfigurations = (
				46BFA7F3219FF20500F6DB3B /* Debug */,
				46BFA7F4219FF20500F6DB3B /* Release */,
			);
			defaultConfigurationIsVisible = 0;
			defaultConfigurationName = Release;
		};
		46BFA7F5219FF20500F6DB3B /* Build configuration list for PBXNativeTarget "camp-quality-nurseApp-iOS" */ = {
			isa = XCConfigurationList;
			buildConfigurations = (
				46BFA7F6219FF20500F6DB3B /* Debug */,
				46BFA7F7219FF20500F6DB3B /* Release */,
			);
			defaultConfigurationIsVisible = 0;
			defaultConfigurationName = Release;
		};
		46BFA7F8219FF20500F6DB3B /* Build configuration list for PBXNativeTarget "camp-quality-nurseApp-iOSTests" */ = {
			isa = XCConfigurationList;
			buildConfigurations = (
				46BFA7F9219FF20500F6DB3B /* Debug */,
				46BFA7FA219FF20500F6DB3B /* Release */,
			);
			defaultConfigurationIsVisible = 0;
			defaultConfigurationName = Release;
		};
/* End XCConfigurationList section */
	};
	rootObject = 46BFA7CD219FF20400F6DB3B /* Project object */;
}
